Microsoft Visual Studio Solution File, Format Version 11.00
# Visual Studio 2008

Project("{9BAA0070-6E17-6D13-C231-01F9DDFFCD37}") = "CastleAttack", "Assembly-CSharp-firstpass-vs.csproj", "{8051DAE6-ECA7-A22F-0A71-9F89AE7B69A6}"
EndProject
Project("{9BAA0070-6E17-6D13-C231-01F9DDFFCD37}") = "CastleAttack", "Assembly-CSharp-vs.csproj", "{1D8F0072-40C7-6267-3032-86BFA26B3579}"
EndProject
Project("{9BAA0070-6E17-6D13-C231-01F9DDFFCD37}") = "CastleAttack", "Assembly-CSharp-Editor-vs.csproj", "{4C71DA73-6FFA-F8B0-7D19-B3D398819171}"
EndProject
Global
	GlobalSection(SolutionConfigurationPlatforms) = preSolution
		Debug|Any CPU = Debug|Any CPU
		Release|Any CPU = Release|Any CPU
	EndGlobalSection
	GlobalSection(ProjectConfigurationPlatforms) = postSolution
		{8051DAE6-ECA7-A22F-0A71-9F89AE7B69A6}.Debug|Any CPU.ActiveCfg = Debug|Any CPU
		{8051DAE6-ECA7-A22F-0A71-9F89AE7B69A6}.Debug|Any CPU.Build.0 = Debug|Any CPU
		{8051DAE6-ECA7-A22F-0A71-9F89AE7B69A6}.Release|Any CPU.ActiveCfg = Release|Any CPU
		{8051DAE6-ECA7-A22F-0A71-9F89AE7B69A6}.Release|Any CPU.Build.0 = Release|Any CPU
		{1D8F0072-40C7-6267-3032-86BFA26B3579}.Debug|Any CPU.ActiveCfg = Debug|Any CPU
		{1D8F0072-40C7-6267-3032-86BFA26B3579}.Debug|Any CPU.Build.0 = Debug|Any CPU
		{1D8F0072-40C7-6267-3032-86BFA26B3579}.Release|Any CPU.ActiveCfg = Release|Any CPU
		{1D8F0072-40C7-6267-3032-86BFA26B3579}.Release|Any CPU.Build.0 = Release|Any CPU
		{4C71DA73-6FFA-F8B0-7D19-B3D398819171}.Debug|Any CPU.ActiveCfg = Debug|Any CPU
		{4C71DA73-6FFA-F8B0-7D19-B3D398819171}.Debug|Any CPU.Build.0 = Debug|Any CPU
		{4C71DA73-6FFA-F8B0-7D19-B3D398819171}.Release|Any CPU.ActiveCfg = Release|Any CPU
		{4C71DA73-6FFA-F8B0-7D19-B3D398819171}.Release|Any CPU.Build.0 = Release|Any CPU
	EndGlobalSection
	GlobalSection(SolutionProperties) = preSolution
		HideSolutionNode = FALSE
	EndGlobalSection
																																																																																																																																																																GlobalSection(MonoDevelopProperties) = preSolution
		StartupItem = Assembly-CSharp.csproj
		Policies = $0
		$0.TextStylePolicy = $1
		$1.inheritsSet = null
		$1.scope = text/x-csharp
		$0.CSharpFormattingPolicy = $2
		$2.inheritsSet = Mono
		$2.inheritsScope = text/x-csharp
		$2.scope = text/x-csharp
		$0.TextStylePolicy = $3
		$3.FileWidth = 120
		$3.TabWidth = 4
		$3.EolMarker = Unix
		$3.inheritsSet = Mono
		$3.inheritsScope = text/plain
		$3.scope = text/plain
	EndGlobalSection

EndGlobal
